
Microsoft Visual Studio Solution File, Format Version 12.00
# Visual Studio Version 17
VisualStudioVersion = 17.1.32210.238
MinimumVisualStudioVersion = 10.0.40219.1
Project("{9A19103F-16F7-4668-BE54-9A1E7A4F7556}") = "NilesCommander.Core", "NilesCommander.Core\NilesCommander.Core.csproj", "{53524127-C8B9-49A7-B978-836003E17C43}"
EndProject
Project("{9A19103F-16F7-4668-BE54-9A1E7A4F7556}") = "NilesCommander.Sample", "NilesCommander.Sample\NilesCommander.Sample.csproj", "{CDF8F61F-A309-45A4-A2D5-3C8B8845D960}"
	ProjectSection(ProjectDependencies) = postProject
		{213DD112-DFC1-46EC-80F2-8AF7911AC6AD} = {213DD112-DFC1-46EC-80F2-8AF7911AC6AD}
	EndProjectSection
EndProject
Project("{9A19103F-16F7-4668-BE54-9A1E7A4F7556}") = "NilesCommander.Terminal", "NilesCommander.Console\NilesCommander.Terminal.csproj", "{E3ADE000-2A2D-407A-90FE-383F17699C01}"
EndProject
Project("{9A19103F-16F7-4668-BE54-9A1E7A4F7556}") = "NilesCommander.WinForm", "NilesCommander.WinForm\NilesCommander.WinForm.csproj", "{213DD112-DFC1-46EC-80F2-8AF7911AC6AD}"
	ProjectSection(ProjectDependencies) = postProject
		{53524127-C8B9-49A7-B978-836003E17C43} = {53524127-C8B9-49A7-B978-836003E17C43}
	EndProjectSection
EndProject
Project("{2150E333-8FDC-42A3-9474-1A3956D46DE8}") = "Solution Items", "Solution Items", "{12806B6D-E124-45A8-A680-012F95362FC7}"
	ProjectSection(SolutionItems) = preProject
		Directory.Build.props = Directory.Build.props
	EndProjectSection
EndProject
Global
	GlobalSection(SolutionConfigurationPlatforms) = preSolution
		Debug|Any CPU = Debug|Any CPU
		Release|Any CPU = Release|Any CPU
	EndGlobalSection
	GlobalSection(ProjectConfigurationPlatforms) = postSolution
		{53524127-C8B9-49A7-B978-836003E17C43}.Debug|Any CPU.ActiveCfg = Debug|Any CPU
		{53524127-C8B9-49A7-B978-836003E17C43}.Debug|Any CPU.Build.0 = Debug|Any CPU
		{53524127-C8B9-49A7-B978-836003E17C43}.Release|Any CPU.ActiveCfg = Release|Any CPU
		{53524127-C8B9-49A7-B978-836003E17C43}.Release|Any CPU.Build.0 = Release|Any CPU
		{CDF8F61F-A309-45A4-A2D5-3C8B8845D960}.Debug|Any CPU.ActiveCfg = Debug|Any CPU
		{CDF8F61F-A309-45A4-A2D5-3C8B8845D960}.Debug|Any CPU.Build.0 = Debug|Any CPU
		{CDF8F61F-A309-45A4-A2D5-3C8B8845D960}.Release|Any CPU.ActiveCfg = Release|Any CPU
		{CDF8F61F-A309-45A4-A2D5-3C8B8845D960}.Release|Any CPU.Build.0 = Release|Any CPU
		{E3ADE000-2A2D-407A-90FE-383F17699C01}.Debug|Any CPU.ActiveCfg = Debug|Any CPU
		{E3ADE000-2A2D-407A-90FE-383F17699C01}.Debug|Any CPU.Build.0 = Debug|Any CPU
		{E3ADE000-2A2D-407A-90FE-383F17699C01}.Release|Any CPU.ActiveCfg = Release|Any CPU
		{E3ADE000-2A2D-407A-90FE-383F17699C01}.Release|Any CPU.Build.0 = Release|Any CPU
		{213DD112-DFC1-46EC-80F2-8AF7911AC6AD}.Debug|Any CPU.ActiveCfg = Debug|Any CPU
		{213DD112-DFC1-46EC-80F2-8AF7911AC6AD}.Debug|Any CPU.Build.0 = Debug|Any CPU
		{213DD112-DFC1-46EC-80F2-8AF7911AC6AD}.Release|Any CPU.ActiveCfg = Release|Any CPU
		{213DD112-DFC1-46EC-80F2-8AF7911AC6AD}.Release|Any CPU.Build.0 = Release|Any CPU
	EndGlobalSection
	GlobalSection(SolutionProperties) = preSolution
		HideSolutionNode = FALSE
	EndGlobalSection
	GlobalSection(ExtensibilityGlobals) = postSolution
		SolutionGuid = {37EFD0EF-E9B1-4EA7-83C6-30582FBEEF4E}
	EndGlobalSection
EndGlobal
